
Microsoft Visual Studio Solution File, Format Version 12.00
# Visual Studio 15
Project("{FAE04EC0-301F-11D3-BF4B-00C04F79EFBC}") = "Assembly-CSharp", "Assembly-CSharp.csproj", "{F17F7B14-40B2-BCC4-1745-0CB6BB28830E}"
EndProject
Project("{FAE04EC0-301F-11D3-BF4B-00C04F79EFBC}") = "Assembly-CSharp-Editor", "Assembly-CSharp-Editor.csproj", "{B488F150-260F-AF6C-E5C3-04DB9A188210}"
EndProject
Global
	GlobalSection(SolutionConfigurationPlatforms) = preSolution
		Debug|Any CPU = Debug|Any CPU
		Release|Any CPU = Release|Any CPU
	EndGlobalSection
	GlobalSection(ProjectConfigurationPlatforms) = postSolution
		{F17F7B14-40B2-BCC4-1745-0CB6BB28830E}.Debug|Any CPU.ActiveCfg = Debug|Any CPU
		{F17F7B14-40B2-BCC4-1745-0CB6BB28830E}.Debug|Any CPU.Build.0 = Debug|Any CPU
		{F17F7B14-40B2-BCC4-1745-0CB6BB28830E}.Release|Any CPU.ActiveCfg = Release|Any CPU
		{F17F7B14-40B2-BCC4-1745-0CB6BB28830E}.Release|Any CPU.Build.0 = Release|Any CPU
		{B488F150-260F-AF6C-E5C3-04DB9A188210}.Debug|Any CPU.ActiveCfg = Debug|Any CPU
		{B488F150-260F-AF6C-E5C3-04DB9A188210}.Debug|Any CPU.Build.0 = Debug|Any CPU
		{B488F150-260F-AF6C-E5C3-04DB9A188210}.Release|Any CPU.ActiveCfg = Release|Any CPU
		{B488F150-260F-AF6C-E5C3-04DB9A188210}.Release|Any CPU.Build.0 = Release|Any CPU
	EndGlobalSection
	GlobalSection(SolutionProperties) = preSolution
		HideSolutionNode = FALSE
	EndGlobalSection
EndGlobal
